Microsoft Visual Studio Solution File, Format Version 12.00
# Visual Studio Version 17
VisualStudioVersion = 17.8.0.0
MinimumVisualStudioVersion = 10.0.40219.1
Project("{9A19103F-16F7-4668-BE54-9A1E7A4F7556}") = "AudioLeap", "src\AudioLeap\AudioLeap.csproj", "{7A3C0B9E-4B1D-4E44-9C21-0AD10C0DE001}"
EndProject
Global
	GlobalSection(SolutionConfigurationPlatforms) = preSolution
		Debug|Any CPU = Debug|Any CPU
		Release|Any CPU = Release|Any CPU
	EndGlobalSection
	GlobalSection(ProjectConfigurationPlatforms) = postSolution
		{7A3C0B9E-4B1D-4E44-9C21-0AD10C0DE001}.Debug|Any CPU.ActiveCfg = Debug|Any CPU
		{7A3C0B9E-4B1D-4E44-9C21-0AD10C0DE001}.Debug|Any CPU.Build.0 = Debug|Any CPU
		{7A3C0B9E-4B1D-4E44-9C21-0AD10C0DE001}.Release|Any CPU.ActiveCfg = Release|Any CPU
		{7A3C0B9E-4B1D-4E44-9C21-0AD10C0DE001}.Release|Any CPU.Build.0 = Release|Any CPU
	EndGlobalSection
EndGlobal
